// !$*UTF8*$!
{
	archiveVersion = 1;
	classes = {
	};
	objectVersion = 50;
	objects = {

/* Begin PBXBuildFile section */
		7D3974D122038E0A0031EA43 /* AppDelegate.swift in Sources */ = {isa = PBXBuildFile; fileRef = 7D3974D022038E0A0031EA43 /* AppDelegate.swift */; };
		7D3974D322038E0A0031EA43 /* ViewController.swift in Sources */ = {isa = PBXBuildFile; fileRef = 7D3974D222038E0A0031EA43 /* ViewController.swift */; };
		7D3974D622038E0A0031EA43 /* Main.storyboard in Resources */ = {isa = PBXBuildFile; fileRef = 7D3974D422038E0A0031EA43 /* Main.storyboard */; };
		7D3974D822038E0B0031EA43 /* Assets.xcassets in Resources */ = {isa = PBXBuildFile; fileRef = 7D3974D722038E0B0031EA43 /* Assets.xcassets */; };
		7D3974DB22038E0B0031EA43 /* LaunchScreen.storyboard in Resources */ = {isa = PBXBuildFile; fileRef = 7D3974D922038E0B0031EA43 /* LaunchScreen.storyboard */; };
		7D3974E622038E0B0031EA43 /* SortingTests.swift in Sources */ = {isa = PBXBuildFile; fileRef = 7D3974E522038E0B0031EA43 /* SortingTests.swift */; };
		7D3974F122038E0B0031EA43 /* SortingUITests.swift in Sources */ = {isa = PBXBuildFile; fileRef = 7D3974F022038E0B0031EA43 /* SortingUITests.swift */; };
		7D397501220399F10031EA43 /* InsertionViewController.swift in Sources */ = {isa = PBXBuildFile; fileRef = 7D397500220399F10031EA43 /* InsertionViewController.swift */; };
		7D397504220D08B60031EA43 /* SelectionViewController.swift in Sources */ = {isa = PBXBuildFile; fileRef = 7D397503220D08B60031EA43 /* SelectionViewController.swift */; };
		7D397506220D08F10031EA43 /* BubbleViewController.swift in Sources */ = {isa = PBXBuildFile; fileRef = 7D397505220D08F10031EA43 /* BubbleViewController.swift */; };
		7D397508220D090D0031EA43 /* QuickViewController.swift in Sources */ = {isa = PBXBuildFile; fileRef = 7D397507220D090D0031EA43 /* QuickViewController.swift */; };
		7D39750A220D092D0031EA43 /* MergeViewController.swift in Sources */ = {isa = PBXBuildFile; fileRef = 7D397509220D092D0031EA43 /* MergeViewController.swift */; };
		7D39750C220D093A0031EA43 /* RadixViewController.swift in Sources */ = {isa = PBXBuildFile; fileRef = 7D39750B220D093A0031EA43 /* RadixViewController.swift */; };
/* End PBXBuildFile section */

/* Begin PBXContainerItemProxy section */
		7D3974E222038E0B0031EA43 /* PBXContainerItemProxy */ = {
			isa = PBXContainerItemProxy;
			containerPortal = 7D3974C522038E0A0031EA43 /* Project object */;
			proxyType = 1;
			remoteGlobalIDString = 7D3974CC22038E0A0031EA43;
			remoteInfo = Sorting;
		};
		7D3974ED22038E0B0031EA43 /* PBXContainerItemProxy */ = {
			isa = PBXContainerItemProxy;
			containerPortal = 7D3974C522038E0A0031EA43 /* Project object */;
			proxyType = 1;
			remoteGlobalIDString = 7D3974CC22038E0A0031EA43;
			remoteInfo = Sorting;
		};
/* End PBXContainerItemProxy section */

/* Begin PBXFileReference section */
		7D3974CD22038E0A0031EA43 /* Sorting.app */ = {isa = PBXFileReference; explicitFileType = wrapper.application; includeInIndex = 0; path = Sorting.app; sourceTree = BUILT_PRODUCTS_DIR; };
		7D3974D022038E0A0031EA43 /* AppDelegate.swift */ = {isa = PBXFileReference; lastKnownFileType = sourcecode.swift; path = AppDelegate.swift; sourceTree = "<group>"; };
		7D3974D222038E0A0031EA43 /* ViewController.swift */ = {isa = PBXFileReference; lastKnownFileType = sourcecode.swift; path = ViewController.swift; sourceTree = "<group>"; };
		7D3974D522038E0A0031EA43 /* Base */ = {isa = PBXFileReference; lastKnownFileType = file.storyboard; name = Base; path = Base.lproj/Main.storyboard; sourceTree = "<group>"; };
		7D3974D722038E0B0031EA43 /* Assets.xcassets */ = {isa = PBXFileReference; lastKnownFileType = folder.assetcatalog; path = Assets.xcassets; sourceTree = "<group>"; };
		7D3974DA22038E0B0031EA43 /* Base */ = {isa = PBXFileReference; lastKnownFileType = file.storyboard; name = Base; path = Base.lproj/LaunchScreen.storyboard; sourceTree = "<group>"; };
		7D3974DC22038E0B0031EA43 /* Info.plist */ = {isa = PBXFileReference; lastKnownFileType = text.plist.xml; path = Info.plist; sourceTree = "<group>"; };
		7D3974E122038E0B0031EA43 /* SortingTests.xctest */ = {isa = PBXFileReference; explicitFileType = wrapper.cfbundle; includeInIndex = 0; path = SortingTests.xctest; sourceTree = BUILT_PRODUCTS_DIR; };
		7D3974E522038E0B0031EA43 /* SortingTests.swift */ = {isa = PBXFileReference; lastKnownFileType = sourcecode.swift; path = SortingTests.swift; sourceTree = "<group>"; };
		7D3974E722038E0B0031EA43 /* Info.plist */ = {isa = PBXFileReference; lastKnownFileType = text.plist.xml; path = Info.plist; sourceTree = "<group>"; };
		7D3974EC22038E0B0031EA43 /* SortingUITests.xctest */ = {isa = PBXFileReference; explicitFileType = wrapper.cfbundle; includeInIndex = 0; path = SortingUITests.xctest; sourceTree = BUILT_PRODUCTS_DIR; };
		7D3974F022038E0B0031EA43 /* SortingUITests.swift */ = {isa = PBXFileReference; lastKnownFileType = sourcecode.swift; path = SortingUITests.swift; sourceTree = "<group>"; };
		7D3974F222038E0B0031EA43 /* Info.plist */ = {isa = PBXFileReference; lastKnownFileType = text.plist.xml; path = Info.plist; sourceTree = "<group>"; };
		7D397500220399F10031EA43 /* InsertionViewController.swift */ = {isa = PBXFileReference; lastKnownFileType = sourcecode.swift; path = InsertionViewController.swift; sourceTree = "<group>"; };
		7D397503220D08B60031EA43 /* SelectionViewController.swift */ = {isa = PBXFileReference; lastKnownFileType = sourcecode.swift; path = SelectionViewController.swift; sourceTree = "<group>"; };
		7D397505220D08F10031EA43 /* BubbleViewController.swift */ = {isa = PBXFileReference; lastKnownFileType = sourcecode.swift; path = BubbleViewController.swift; sourceTree = "<group>"; };
		7D397507220D090D0031EA43 /* QuickViewController.swift */ = {isa = PBXFileReference; lastKnownFileType = sourcecode.swift; path = QuickViewController.swift; sourceTree = "<group>"; };
		7D397509220D092D0031EA43 /* MergeViewController.swift */ = {isa = PBXFileReference; lastKnownFileType = sourcecode.swift; path = MergeViewController.swift; sourceTree = "<group>"; };
		7D39750B220D093A0031EA43 /* RadixViewController.swift */ = {isa = PBXFileReference; lastKnownFileType = sourcecode.swift; path = RadixViewController.swift; sourceTree = "<group>"; };
/* End PBXFileReference section */

/* Begin PBXFrameworksBuildPhase section */
		7D3974CA22038E0A0031EA43 /* Frameworks */ = {
			isa = PBXFrameworksBuildPhase;
			buildActionMask = 2147483647;
			files = (
			);
			runOnlyForDeploymentPostprocessing = 0;
		};
		7D3974DE22038E0B0031EA43 /* Frameworks */ = {
			isa = PBXFrameworksBuildPhase;
			buildActionMask = 2147483647;
			files = (
			);
			runOnlyForDeploymentPostprocessing = 0;
		};
		7D3974E922038E0B0031EA43 /* Frameworks */ = {
			isa = PBXFrameworksBuildPhase;
			buildActionMask = 2147483647;
			files = (
			);
			runOnlyForDeploymentPostprocessing = 0;
		};
/* End PBXFrameworksBuildPhase section */

/* Begin PBXGroup section */
		7D3974C422038E0A0031EA43 = {
			isa = PBXGroup;
			children = (
				7D3974CF22038E0A0031EA43 /* Sorting */,
				7D3974E422038E0B0031EA43 /* SortingTests */,
				7D3974EF22038E0B0031EA43 /* SortingUITests */,
				7D3974CE22038E0A0031EA43 /* Products */,
			);
			sourceTree = "<group>";
		};
		7D3974CE22038E0A0031EA43 /* Products */ = {
			isa = PBXGroup;
			children = (
				7D3974CD22038E0A0031EA43 /* Sorting.app */,
				7D3974E122038E0B0031EA43 /* SortingTests.xctest */,
				7D3974EC22038E0B0031EA43 /* SortingUITests.xctest */,
			);
			name = Products;
			sourceTree = "<group>";
		};
		7D3974CF22038E0A0031EA43 /* Sorting */ = {
			isa = PBXGroup;
			children = (
				7D39750222039A180031EA43 /* SortingViews */,
				7D3974D022038E0A0031EA43 /* AppDelegate.swift */,
				7D3974D222038E0A0031EA43 /* ViewController.swift */,
				7D3974D422038E0A0031EA43 /* Main.storyboard */,
				7D3974D722038E0B0031EA43 /* Assets.xcassets */,
				7D3974D922038E0B0031EA43 /* LaunchScreen.storyboard */,
				7D3974DC22038E0B0031EA43 /* Info.plist */,
			);
			path = Sorting;
			sourceTree = "<group>";
		};
		7D3974E422038E0B0031EA43 /* SortingTests */ = {
			isa = PBXGroup;
			children = (
				7D3974E522038E0B0031EA43 /* SortingTests.swift */,
				7D3974E722038E0B0031EA43 /* Info.plist */,
			);
			path = SortingTests;
			sourceTree = "<group>";
		};
		7D3974EF22038E0B0031EA43 /* SortingUITests */ = {
			isa = PBXGroup;
			children = (
				7D3974F022038E0B0031EA43 /* SortingUITests.swift */,
				7D3974F222038E0B0031EA43 /* Info.plist */,
			);
			path = SortingUITests;
			sourceTree = "<group>";
		};
		7D39750222039A180031EA43 /* SortingViews */ = {
			isa = PBXGroup;
			children = (
				7D397507220D090D0031EA43 /* QuickViewController.swift */,
				7D397503220D08B60031EA43 /* SelectionViewController.swift */,
				7D397500220399F10031EA43 /* InsertionViewController.swift */,
				7D397509220D092D0031EA43 /* MergeViewController.swift */,
				7D39750B220D093A0031EA43 /* RadixViewController.swift */,
				7D397505220D08F10031EA43 /* BubbleViewController.swift */,
			);
			path = SortingViews;
			sourceTree = "<group>";
		};
/* End PBXGroup section */

/* Begin PBXNativeTarget section */
		7D3974CC22038E0A0031EA43 /* Sorting */ = {
			isa = PBXNativeTarget;
			buildConfigurationList = 7D3974F522038E0B0031EA43 /* Build configuration list for PBXNativeTarget "Sorting" */;
			buildPhases = (
				7D3974C922038E0A0031EA43 /* Sources */,
				7D3974CA22038E0A0031EA43 /* Frameworks */,
				7D3974CB22038E0A0031EA43 /* Resources */,
			);
			buildRules = (
			);
			dependencies = (
			);
			name = Sorting;
			productName = Sorting;
			productReference = 7D3974CD22038E0A0031EA43 /* Sorting.app */;
			productType = "com.apple.product-type.application";
		};
		7D3974E022038E0B0031EA43 /* SortingTests */ = {
			isa = PBXNativeTarget;
			buildConfigurationList = 7D3974F822038E0B0031EA43 /* Build configuration list for PBXNativeTarget "SortingTests" */;
			buildPhases = (
				7D3974DD22038E0B0031EA43 /* Sources */,
				7D3974DE22038E0B0031EA43 /* Frameworks */,
				7D3974DF22038E0B0031EA43 /* Resources */,
			);
			buildRules = (
			);
			dependencies = (
				7D3974E322038E0B0031EA43 /* PBXTargetDependency */,
			);
			name = SortingTests;
			productName = SortingTests;
			productReference = 7D3974E122038E0B0031EA43 /* SortingTests.xctest */;
			productType = "com.apple.product-type.bundle.unit-test";
		};
		7D3974EB22038E0B0031EA43 /* SortingUITests */ = {
			isa = PBXNativeTarget;
			buildConfigurationList = 7D3974FB22038E0B0031EA43 /* Build configuration list for PBXNativeTarget "SortingUITests" */;
			buildPhases = (
				7D3974E822038E0B0031EA43 /* Sources */,
				7D3974E922038E0B0031EA43 /* Frameworks */,
				7D3974EA22038E0B0031EA43 /* Resources */,
			);
			buildRules = (
			);
			dependencies = (
				7D3974EE22038E0B0031EA43 /* PBXTargetDependency */,
			);
			name = SortingUITests;
			productName = SortingUITests;
			productReference = 7D3974EC22038E0B0031EA43 /* SortingUITests.xctest */;
			productType = "com.apple.product-type.bundle.ui-testing";
		};
/* End PBXNativeTarget section */

/* Begin PBXProject section */
		7D3974C522038E0A0031EA43 /* Project object */ = {
			isa = PBXProject;
			attributes = {
				LastSwiftUpdateCheck = 1010;
				LastUpgradeCheck = 1010;
				ORGANIZATIONNAME = "Jorge Alejandre";
				TargetAttributes = {
					7D3974CC22038E0A0031EA43 = {
						CreatedOnToolsVersion = 10.1;
					};
					7D3974E022038E0B0031EA43 = {
						CreatedOnToolsVersion = 10.1;
						TestTargetID = 7D3974CC22038E0A0031EA43;
					};
					7D3974EB22038E0B0031EA43 = {
						CreatedOnToolsVersion = 10.1;
						TestTargetID = 7D3974CC22038E0A0031EA43;
					};
				};
			};
			buildConfigurationList = 7D3974C822038E0A0031EA43 /* Build configuration list for PBXProject "Sorting" */;
			compatibilityVersion = "Xcode 9.3";
			developmentRegion = en;
			hasScannedForEncodings = 0;
			knownRegions = (
				en,
				Base,
			);
			mainGroup = 7D3974C422038E0A0031EA43;
			productRefGroup = 7D3974CE22038E0A0031EA43 /* Products */;
			projectDirPath = "";
			projectRoot = "";
			targets = (
				7D3974CC22038E0A0031EA43 /* Sorting */,
				7D3974E022038E0B0031EA43 /* SortingTests */,
				7D3974EB22038E0B0031EA43 /* SortingUITests */,
			);
		};
/* End PBXProject section */

/* Begin PBXResourcesBuildPhase section */
		7D3974CB22038E0A0031EA43 /* Resources */ = {
			isa = PBXResourcesBuildPhase;
			buildActionMask = 2147483647;
			files = (
				7D3974DB22038E0B0031EA43 /* LaunchScreen.storyboard in Resources */,
				7D3974D822038E0B0031EA43 /* Assets.xcassets in Resources */,
				7D3974D622038E0A0031EA43 /* Main.storyboard in Resources */,
			);
			runOnlyForDeploymentPostprocessing = 0;
		};
		7D3974DF22038E0B0031EA43 /* Resources */ = {
			isa = PBXResourcesBuildPhase;
			buildActionMask = 2147483647;
			files = (
			);
			runOnlyForDeploymentPostprocessing = 0;
		};
		7D3974EA22038E0B0031EA43 /* Resources */ = {
			isa = PBXResourcesBuildPhase;
			buildActionMask = 2147483647;
			files = (
			);
			runOnlyForDeploymentPostprocessing = 0;
		};
/* End PBXResourcesBuildPhase section */

/* Begin PBXSourcesBuildPhase section */
		7D3974C922038E0A0031EA43 /* Sources */ = {
			isa = PBXSourcesBuildPhase;
			buildActionMask = 2147483647;
			files = (
				7D397508220D090D0031EA43 /* QuickViewController.swift in Sources */,
				7D3974D322038E0A0031EA43 /* ViewController.swift in Sources */,
				7D39750A220D092D0031EA43 /* MergeViewController.swift in Sources */,
				7D39750C220D093A0031EA43 /* RadixViewController.swift in Sources */,
				7D397504220D08B60031EA43 /* SelectionViewController.swift in Sources */,
				7D3974D122038E0A0031EA43 /* AppDelegate.swift in Sources */,
				7D397506220D08F10031EA43 /* BubbleViewController.swift in Sources */,
				7D397501220399F10031EA43 /* InsertionViewController.swift in Sources */,
			);
			runOnlyForDeploymentPostprocessing = 0;
		};
		7D3974DD22038E0B0031EA43 /* Sources */ = {
			isa = PBXSourcesBuildPhase;
			buildActionMask = 2147483647;
			files = (
				7D3974E622038E0B0031EA43 /* SortingTests.swift in Sources */,
			);
			runOnlyForDeploymentPostprocessing = 0;
		};
		7D3974E822038E0B0031EA43 /* Sources */ = {
			isa = PBXSourcesBuildPhase;
			buildActionMask = 2147483647;
			files = (
				7D3974F122038E0B0031EA43 /* SortingUITests.swift in Sources */,
			);
			runOnlyForDeploymentPostprocessing = 0;
		};
/* End PBXSourcesBuildPhase section */

/* Begin PBXTargetDependency section */
		7D3974E322038E0B0031EA43 /* PBXTargetDependency */ = {
			isa = PBXTargetDependency;
			target = 7D3974CC22038E0A0031EA43 /* Sorting */;
			targetProxy = 7D3974E222038E0B0031EA43 /* PBXContainerItemProxy */;
		};
		7D3974EE22038E0B0031EA43 /* PBXTargetDependency */ = {
			isa = PBXTargetDependency;
			target = 7D3974CC22038E0A0031EA43 /* Sorting */;
			targetProxy = 7D3974ED22038E0B0031EA43 /* PBXContainerItemProxy */;
		};
/* End PBXTargetDependency section */

/* Begin PBXVariantGroup section */
		7D3974D422038E0A0031EA43 /* Main.storyboard */ = {
			isa = PBXVariantGroup;
			children = (
				7D3974D522038E0A0031EA43 /* Base */,
			);
			name = Main.storyboard;
			sourceTree = "<group>";
		};
		7D3974D922038E0B0031EA43 /* LaunchScreen.storyboard */ = {
			isa = PBXVariantGroup;
			children = (
				7D3974DA22038E0B0031EA43 /* Base */,
			);
			name = LaunchScreen.storyboard;
			sourceTree = "<group>";
		};
/* End PBXVariantGroup section */

/* Begin XCBuildConfiguration section */
		7D3974F322038E0B0031EA43 /* Debug */ = {
			isa = XCBuildConfiguration;
			buildSettings = {
				ALWAYS_SEARCH_USER_PATHS = NO;
				CLANG_ANALYZER_NONNULL = YES;
				CLANG_ANALYZER_NUMBER_OBJECT_CONVERSION = YES_AGGRESSIVE;
				CLANG_CXX_LANGUAGE_STANDARD = "gnu++14";
				CLANG_CXX_LIBRARY = "libc++";
				CLANG_ENABLE_MODULES = YES;
				CLANG_ENABLE_OBJC_ARC = YES;
				CLANG_ENABLE_OBJC_WEAK = YES;
				CLANG_WARN_BLOCK_CAPTURE_AUTORELEASING = YES;
				CLANG_WARN_BOOL_CONVERSION = YES;
				CLANG_WARN_COMMA = YES;
				CLANG_WARN_CONSTANT_CONVERSION = YES;
				CLANG_WARN_DEPRECATED_OBJC_IMPLEMENTATIONS = YES;
				CLANG_WARN_DIRECT_OBJC_ISA_USAGE = YES_ERROR;
				CLANG_WARN_DOCUMENTATION_COMMENTS = YES;
				CLANG_WARN_EMPTY_BODY = YES;
				CLANG_WARN_ENUM_CONVERSION = YES;
				CLANG_WARN_INFINITE_RECURSION = YES;
				CLANG_WARN_INT_CONVERSION = YES;
				CLANG_WARN_NON_LITERAL_NULL_CONVERSION = YES;
				CLANG_WARN_OBJC_IMPLICIT_RETAIN_SELF = YES;
				CLANG_WARN_OBJC_LITERAL_CONVERSION = YES;
				CLANG_WARN_OBJC_ROOT_CLASS = YES_ERROR;
				CLANG_WARN_RANGE_LOOP_ANALYSIS = YES;
				CLANG_WARN_STRICT_PROTOTYPES = YES;
				CLANG_WARN_SUSPICIOUS_MOVE = YES;
				CLANG_WARN_UNGUARDED_AVAILABILITY = YES_AGGRESSIVE;
				CLANG_WARN_UNREACHABLE_CODE = YES;
				CLANG_WARN__DUPLICATE_METHOD_MATCH = YES;
				CODE_SIGN_IDENTITY = "iPhone Developer";
				COPY_PHASE_STRIP = NO;
				DEBUG_INFORMATION_FORMAT = dwarf;
				ENABLE_STRICT_OBJC_MSGSEND = YES;
				ENABLE_TESTABILITY = YES;
				GCC_C_LANGUAGE_STANDARD = gnu11;
				GCC_DYNAMIC_NO_PIC = NO;
				GCC_NO_COMMON_BLOCKS = YES;
				GCC_OPTIMIZATION_LEVEL = 0;
				GCC_PREPROCESSOR_DEFINITIONS = (
					"DEBUG=1",
					"$(inherited)",
				);
				GCC_WARN_64_TO_32_BIT_CONVERSION = YES;
				GCC_WARN_ABOUT_RETURN_TYPE = YES_ERROR;
				GCC_WARN_UNDECLARED_SELECTOR = YES;
				GCC_WARN_UNINITIALIZED_AUTOS = YES_AGGRESSIVE;
				GCC_WARN_UNUSED_FUNCTION = YES;
				GCC_WARN_UNUSED_VARIABLE = YES;
				IPHONEOS_DEPLOYMENT_TARGET = 12.1;
				MTL_ENABLE_DEBUG_INFO = INCLUDE_SOURCE;
				MTL_FAST_MATH = YES;
				ONLY_ACTIVE_ARCH = YES;
				SDKROOT = iphoneos;
				SWIFT_ACTIVE_COMPILATION_CONDITIONS = DEBUG;
				SWIFT_OPTIMIZATION_LEVEL = "-Onone";
			};
			name = Debug;
		};
		7D3974F422038E0B0031EA43 /* Release */ = {
			isa = XCBuildConfiguration;
			buildSettings = {
				ALWAYS_SEARCH_USER_PATHS = NO;
				CLANG_ANALYZER_NONNULL = YES;
				CLANG_ANALYZER_NUMBER_OBJECT_CONVERSION = YES_AGGRESSIVE;
				CLANG_CXX_LANGUAGE_STANDARD = "gnu++14";
				CLANG_CXX_LIBRARY = "libc++";
				CLANG_ENABLE_MODULES = YES;
				CLANG_ENABLE_OBJC_ARC = YES;
				CLANG_ENABLE_OBJC_WEAK = YES;
				CLANG_WARN_BLOCK_CAPTURE_AUTORELEASING = YES;
				CLANG_WARN_BOOL_CONVERSION = YES;
				CLANG_WARN_COMMA = YES;
				CLANG_WARN_CONSTANT_CONVERSION = YES;
				CLANG_WARN_DEPRECATED_OBJC_IMPLEMENTATIONS = YES;
				CLANG_WARN_DIRECT_OBJC_ISA_USAGE = YES_ERROR;
				CLANG_WARN_DOCUMENTATION_COMMENTS = YES;
				CLANG_WARN_EMPTY_BODY = YES;
				CLANG_WARN_ENUM_CONVERSION = YES;
				CLANG_WARN_INFINITE_RECURSION = YES;
				CLANG_WARN_INT_CONVERSION = YES;
				CLANG_WARN_NON_LITERAL_NULL_CONVERSION = YES;
				CLANG_WARN_OBJC_IMPLICIT_RETAIN_SELF = YES;
				CLANG_WARN_OBJC_LITERAL_CONVERSION = YES;
				CLANG_WARN_OBJC_ROOT_CLASS = YES_ERROR;
				CLANG_WARN_RANGE_LOOP_ANALYSIS = YES;
				CLANG_WARN_STRICT_PROTOTYPES = YES;
				CLANG_WARN_SUSPICIOUS_MOVE = YES;
				CLANG_WARN_UNGUARDED_AVAILABILITY = YES_AGGRESSIVE;
				CLANG_WARN_UNREACHABLE_CODE = YES;
				CLANG_WARN__DUPLICATE_METHOD_MATCH = YES;
				CODE_SIGN_IDENTITY = "iPhone Developer";
				COPY_PHASE_STRIP = NO;
				DEBUG_INFORMATION_FORMAT = "dwarf-with-dsym";
				ENABLE_NS_ASSERTIONS = NO;
				ENABLE_STRICT_OBJC_MSGSEND = YES;
				GCC_C_LANGUAGE_STANDARD = gnu11;
				GCC_NO_COMMON_BLOCKS = YES;
				GCC_WARN_64_TO_32_BIT_CONVERSION = YES;
				GCC_WARN_ABOUT_RETURN_TYPE = YES_ERROR;
				GCC_WARN_UNDECLARED_SELECTOR = YES;
				GCC_WARN_UNINITIALIZED_AUTOS = YES_AGGRESSIVE;
				GCC_WARN_UNUSED_FUNCTION = YES;
				GCC_WARN_UNUSED_VARIABLE = YES;
				IPHONEOS_DEPLOYMENT_TARGET = 12.1;
				MTL_ENABLE_DEBUG_INFO = NO;
				MTL_FAST_MATH = YES;
				SDKROOT = iphoneos;
				SWIFT_COMPILATION_MODE = wholemodule;
				SWIFT_OPTIMIZATION_LEVEL = "-O";
				VALIDATE_PRODUCT = YES;
			};
			name = Release;
		};
		7D3974F622038E0B0031EA43 /* Debug */ = {
			isa = XCBuildConfiguration;
			buildSettings = {
				ASSETCATALOG_COMPILER_APPICON_NAME = AppIcon;
				CODE_SIGN_STYLE = Automatic;
				INFOPLIST_FILE = Sorting/Info.plist;
				LD_RUNPATH_SEARCH_PATHS = (
					"$(inherited)",
					"@executable_path/Frameworks",
				);
				PRODUCT_BUNDLE_IDENTIFIER = Twitter.Sorting;
				PRODUCT_NAME = "$(TARGET_NAME)";
				SWIFT_VERSION = 4.2;
				TARGETED_DEVICE_FAMILY = "1,2";
			};
			name = Debug;
		};
		7D3974F722038E0B0031EA43 /* Release */ = {
			isa = XCBuildConfiguration;
			buildSettings = {
				ASSETCATALOG_COMPILER_APPICON_NAME = AppIcon;
				CODE_SIGN_STYLE = Automatic;
				INFOPLIST_FILE = Sorting/Info.plist;
				LD_RUNPATH_SEARCH_PATHS = (
					"$(inherited)",
					"@executable_path/Frameworks",
				);
				PRODUCT_BUNDLE_IDENTIFIER = Twitter.Sorting;
				PRODUCT_NAME = "$(TARGET_NAME)";
				SWIFT_VERSION = 4.2;
				TARGETED_DEVICE_FAMILY = "1,2";
			};
			name = Release;
		};
		7D3974F922038E0B0031EA43 /* Debug */ = {
			isa = XCBuildConfiguration;
			buildSettings = {
				ALWAYS_EMBED_SWIFT_STANDARD_LIBRARIES = YES;
				BUNDLE_LOADER = "$(TEST_HOST)";
				CODE_SIGN_STYLE = Automatic;
				INFOPLIST_FILE = SortingTests/Info.plist;
				LD_RUNPATH_SEARCH_PATHS = (
					"$(inherited)",
					"@executable_path/Frameworks",
					"@loader_path/Frameworks",
				);
				PRODUCT_BUNDLE_IDENTIFIER = Twitter.SortingTests;
				PRODUCT_NAME = "$(TARGET_NAME)";
				SWIFT_VERSION = 4.2;
				TARGETED_DEVICE_FAMILY = "1,2";
				TEST_HOST = "$(BUILT_PRODUCTS_DIR)/Sorting.app/Sorting";
			};
			name = Debug;
		};
		7D3974FA22038E0B0031EA43 /* Release */ = {
			isa = XCBuildConfiguration;
			buildSettings = {
				ALWAYS_EMBED_SWIFT_STANDARD_LIBRARIES = YES;
				BUNDLE_LOADER = "$(TEST_HOST)";
				CODE_SIGN_STYLE = Automatic;
				INFOPLIST_FILE = SortingTests/Info.plist;
				LD_RUNPATH_SEARCH_PATHS = (
					"$(inherited)",
					"@executable_path/Frameworks",
					"@loader_path/Frameworks",
				);
				PRODUCT_BUNDLE_IDENTIFIER = Twitter.SortingTests;
				PRODUCT_NAME = "$(TARGET_NAME)";
				SWIFT_VERSION = 4.2;
				TARGETED_DEVICE_FAMILY = "1,2";
				TEST_HOST = "$(BUILT_PRODUCTS_DIR)/Sorting.app/Sorting";
			};
			name = Release;
		};
		7D3974FC22038E0B0031EA43 /* Debug */ = {
			isa = XCBuildConfiguration;
			buildSettings = {
				ALWAYS_EMBED_SWIFT_STANDARD_LIBRARIES = YES;
				CODE_SIGN_STYLE = Automatic;
				INFOPLIST_FILE = SortingUITests/Info.plist;
				LD_RUNPATH_SEARCH_PATHS = (
					"$(inherited)",
					"@executable_path/Frameworks",
					"@loader_path/Frameworks",
				);
				PRODUCT_BUNDLE_IDENTIFIER = Twitter.SortingUITests;
				PRODUCT_NAME = "$(TARGET_NAME)";
				SWIFT_VERSION = 4.2;
				TARGETED_DEVICE_FAMILY = "1,2";
				TEST_TARGET_NAME = Sorting;
			};
			name = Debug;
		};
		7D3974FD22038E0B0031EA43 /* Release */ = {
			isa = XCBuildConfiguration;
			buildSettings = {
				ALWAYS_EMBED_SWIFT_STANDARD_LIBRARIES = YES;
				CODE_SIGN_STYLE = Automatic;
				INFOPLIST_FILE = SortingUITests/Info.plist;
				LD_RUNPATH_SEARCH_PATHS = (
					"$(inherited)",
					"@executable_path/Frameworks",
					"@loader_path/Frameworks",
				);
				PRODUCT_BUNDLE_IDENTIFIER = Twitter.SortingUITests;
				PRODUCT_NAME = "$(TARGET_NAME)";
				SWIFT_VERSION = 4.2;
				TARGETED_DEVICE_FAMILY = "1,2";
				TEST_TARGET_NAME = Sorting;
			};
			name = Release;
		};
/* End XCBuildConfiguration section */

/* Begin XCConfigurationList section */
		7D3974C822038E0A0031EA43 /* Build configuration list for PBXProject "Sorting" */ = {
			isa = XCConfigurationList;
			buildConfigurations = (
				7D3974F322038E0B0031EA43 /* Debug */,
				7D3974F422038E0B0031EA43 /* Release */,
			);
			defaultConfigurationIsVisible = 0;
			defaultConfigurationName = Release;
		};
		7D3974F522038E0B0031EA43 /* Build configuration list for PBXNativeTarget "Sorting" */ = {
			isa = XCConfigurationList;
			buildConfigurations = (
				7D3974F622038E0B0031EA43 /* Debug */,
				7D3974F722038E0B0031EA43 /* Release */,
			);
			defaultConfigurationIsVisible = 0;
			defaultConfigurationName = Release;
		};
		7D3974F822038E0B0031EA43 /* Build configuration list for PBXNativeTarget "SortingTests" */ = {
			isa = XCConfigurationList;
			buildConfigurations = (
				7D3974F922038E0B0031EA43 /* Debug */,
				7D3974FA22038E0B0031EA43 /* Release */,
			);
			defaultConfigurationIsVisible = 0;
			defaultConfigurationName = Release;
		};
		7D3974FB22038E0B0031EA43 /* Build configuration list for PBXNativeTarget "SortingUITests" */ = {
			isa = XCConfigurationList;
			buildConfigurations = (
				7D3974FC22038E0B0031EA43 /* Debug */,
				7D3974FD22038E0B0031EA43 /* Release */,
			);
			defaultConfigurationIsVisible = 0;
			defaultConfigurationName = Release;
		};
/* End XCConfigurationList section */
	};
	rootObject = 7D3974C522038E0A0031EA43 /* Project object */;
}
